
Microsoft Visual Studio Solution File, Format Version 12.00
# Visual Studio Version 17
VisualStudioVersion = 17.12.35521.163 d17.12
MinimumVisualStudioVersion = 10.0.40219.1
Project("{FAE04EC0-301F-11D3-BF4B-00C04F79EFBC}") = "ShopApp.DAL", "ShopApp.DAL\ShopApp.DAL.csproj", "{FA8CC919-2D8F-445C-B0AF-3319DA904A98}"
EndProject
Project("{FAE04EC0-301F-11D3-BF4B-00C04F79EFBC}") = "ShopApp.Web", "ShopApp.Web\ShopApp.Web.csproj", "{1D53D6E7-C008-4D57-8B32-D3C15DA19779}"
EndProject
Global
	GlobalSection(SolutionConfigurationPlatforms) = preSolution
		Debug|Any CPU = Debug|Any CPU
		Release|Any CPU = Release|Any CPU
	EndGlobalSection
	GlobalSection(ProjectConfigurationPlatforms) = postSolution
		{FA8CC919-2D8F-445C-B0AF-3319DA904A98}.Debug|Any CPU.ActiveCfg = Debug|Any CPU
		{FA8CC919-2D8F-445C-B0AF-3319DA904A98}.Debug|Any CPU.Build.0 = Debug|Any CPU
		{FA8CC919-2D8F-445C-B0AF-3319DA904A98}.Release|Any CPU.ActiveCfg = Release|Any CPU
		{FA8CC919-2D8F-445C-B0AF-3319DA904A98}.Release|Any CPU.Build.0 = Release|Any CPU
		{1D53D6E7-C008-4D57-8B32-D3C15DA19779}.Debug|Any CPU.ActiveCfg = Debug|Any CPU
		{1D53D6E7-C008-4D57-8B32-D3C15DA19779}.Debug|Any CPU.Build.0 = Debug|Any CPU
		{1D53D6E7-C008-4D57-8B32-D3C15DA19779}.Release|Any CPU.ActiveCfg = Release|Any CPU
		{1D53D6E7-C008-4D57-8B32-D3C15DA19779}.Release|Any CPU.Build.0 = Release|Any CPU
	EndGlobalSection
	GlobalSection(SolutionProperties) = preSolution
		HideSolutionNode = FALSE
	EndGlobalSection
EndGlobal
